# @generated by Move, please check-in and do not edit manually.

[move]
version = 3
manifest_digest = "7BAC5BA56D7CB49680751865E706C90B32C0DC0327F353288C810BFED054C839"
deps_digest = "F8BBB0CCB2491CA29A3DF03D6F92277A4F3574266507ACD77214D37ECA3F3082"
dependencies = [
  { id = "Iota", name = "Iota" },
]

[[move.package]]
id = "Iota"
source = { git = "https://github.com/iotaledger/iota.git", rev = "testnet", subdir = "crates/iota-framework/packages/iota-framework" }

dependencies = [
  { id = "MoveStdlib", name = "MoveStdlib" },
]

[[move.package]]
id = "MoveStdlib"
source = { git = "https://github.com/iotaledger/iota.git", rev = "testnet", subdir = "crates/iota-framework/packages/move-stdlib" }

[move.toolchain-version]
compiler-version = "1.13.1-rc"
edition = "2024"
flavor = "iota"

[env]

[env.testnet]
chain-id = "2304aa97"
original-published-id = "0x27ace6df94e5572fd662abfa5708466f0209cb549a46c7a6ceda436445578573"
latest-published-id = "0x27ace6df94e5572fd662abfa5708466f0209cb549a46c7a6ceda436445578573"
published-version = "1"
